
Microsoft Visual Studio Solution File, Format Version 12.00
# Visual Studio Version 17
VisualStudioVersion = 17.6.33829.357
MinimumVisualStudioVersion = 10.0.40219.1
Project("{FAE04EC0-301F-11D3-BF4B-00C04F79EFBC}") = "Restaurante", "Pedidos\Restaurante.csproj", "{16D66863-5AFA-482A-9EA6-E1593AC3A64E}"
EndProject
Global
	GlobalSection(SolutionConfigurationPlatforms) = preSolution
		Debug|Any CPU = Debug|Any CPU
		Release|Any CPU = Release|Any CPU
	EndGlobalSection
	GlobalSection(ProjectConfigurationPlatforms) = postSolution
		{16D66863-5AFA-482A-9EA6-E1593AC3A64E}.Debug|Any CPU.ActiveCfg = Debug|Any CPU
		{16D66863-5AFA-482A-9EA6-E1593AC3A64E}.Debug|Any CPU.Build.0 = Debug|Any CPU
		{16D66863-5AFA-482A-9EA6-E1593AC3A64E}.Release|Any CPU.ActiveCfg = Release|Any CPU
		{16D66863-5AFA-482A-9EA6-E1593AC3A64E}.Release|Any CPU.Build.0 = Release|Any CPU
	EndGlobalSection
	GlobalSection(SolutionProperties) = preSolution
		HideSolutionNode = FALSE
	EndGlobalSection
	GlobalSection(ExtensibilityGlobals) = postSolution
		SolutionGuid = {505F3DB8-786C-49BD-B794-6A6AF876F14A}
	EndGlobalSection
EndGlobal
